<?xml version="1.0" encoding="utf-8"?>
<Project ToolsVersion="4.0" xmlns="http://schemas.microsoft.com/developer/msbuild/2003">
  <ItemGroup>
    <Filter Include="Mod">
      <UniqueIdentifier>{bdf34e03-8ac4-45d4-a758-c866295e6404}</UniqueIdentifier>
    </Filter>
    <Filter Include="Mod\Languages">
      <UniqueIdentifier>{b77a024f-f4fb-44f2-a820-807b7dcde993}</UniqueIdentifier>
    </Filter>
  </ItemGroup>
  <ItemGroup>
    <ClInclude Include="Mod\Config.h">
      <Filter>Mod</Filter>
    </ClInclude>
    <ClInclude Include="Mod\ExtraSubs.h">
      <Filter>Mod</Filter>
    </ClInclude>
    <ClInclude Include="Mod\Languages\ExtraSubs_English.h">
      <Filter>Mod\Languages</Filter>
    </ClInclude>
    <ClInclude Include="Mod\Languages\ExtraSubs_English_Retranslated.h">
      <Filter>Mod\Languages</Filter>
    </ClInclude>
    <ClInclude Include="Mod\Languages\ExtraSubs_French.h">
      <Filter>Mod\Languages</Filter>
    </ClInclude>
    <ClInclude Include="Mod\Languages\ExtraSubs_French_Retranslated.h">
      <Filter>Mod\Languages</Filter>
    </ClInclude>
    <ClInclude Include="Mod\Languages\ExtraSubs_Japanese.h">
      <Filter>Mod\Languages</Filter>
    </ClInclude>
    <ClInclude Include="framework.h" />
    <ClInclude Include="pch.h" />
    <ClInclude Include="Mod\Languages\ExtraSubs_Spanish.h">
      <Filter>Mod\Languages</Filter>
    </ClInclude>
    <ClInclude Include="Mod\Languages\ExtraSubs_Spanish_Dub.h">
      <Filter>Mod\Languages</Filter>
    </ClInclude>
    <ClInclude Include="ExtraSubs_Spanish_Retranslated.h">
      <Filter>Mod\Languages</Filter>
    </ClInclude>
  </ItemGroup>
  <ItemGroup>
    <ClCompile Include="Mod\Config.cpp">
      <Filter>Mod</Filter>
    </ClCompile>
    <ClCompile Include="Mod\ExtraSubs.cpp">
      <Filter>Mod</Filter>
    </ClCompile>
    <ClCompile Include="Mod\Main.cpp">
      <Filter>Mod</Filter>
    </ClCompile>
    <ClCompile Include="dllmain.cpp" />
    <ClCompile Include="pch.cpp" />
  </ItemGroup>
</Project>